// !$*UTF8*$!
{
	archiveVersion = 1;
	classes = {
	};
	objectVersion = 46;
	objects = {

/* Begin PBXBuildFile section */
		F9120CB1155ECD3100E76A61 /* CoreLocation.framework in Frameworks */ = {isa = PBXBuildFile; fileRef = F9120CB0155ECD3000E76A61 /* CoreLocation.framework */; };
		F9120CBD155EEB0E00E76A61 /* 57x57 icon.png in Resources */ = {isa = PBXBuildFile; fileRef = F9120CBA155EEB0E00E76A61 /* 57x57 icon.png */; };
		F9120CBE155EEB0E00E76A61 /* 75x75.png in Resources */ = {isa = PBXBuildFile; fileRef = F9120CBB155EEB0E00E76A61 /* 75x75.png */; };
		F9120CBF155EEB0E00E76A61 /* 114x114.png in Resources */ = {isa = PBXBuildFile; fileRef = F9120CBC155EEB0E00E76A61 /* 114x114.png */; };
		F9120CF2155EED0D00E76A61 /* GorillaCab-Info.plist in Resources */ = {isa = PBXBuildFile; fileRef = F9120CF1155EED0D00E76A61 /* GorillaCab-Info.plist */; };
		F9120CFD155EEF7A00E76A61 /* drive.png in Resources */ = {isa = PBXBuildFile; fileRef = F9120CF9155EEF7A00E76A61 /* drive.png */; };
		F9120CFE155EEF7A00E76A61 /* header.png in Resources */ = {isa = PBXBuildFile; fileRef = F9120CFA155EEF7A00E76A61 /* header.png */; };
		F9120CFF155EEF7A00E76A61 /* or.png in Resources */ = {isa = PBXBuildFile; fileRef = F9120CFB155EEF7A00E76A61 /* or.png */; };
		F9120D00155EEF7A00E76A61 /* ride.png in Resources */ = {isa = PBXBuildFile; fileRef = F9120CFC155EEF7A00E76A61 /* ride.png */; };
		F9120D09155EF53F00E76A61 /* background_screen3.png in Resources */ = {isa = PBXBuildFile; fileRef = F9120D01155EF53E00E76A61 /* background_screen3.png */; };
		F9120D0A155EF53F00E76A61 /* letsroll.png in Resources */ = {isa = PBXBuildFile; fileRef = F9120D02155EF53E00E76A61 /* letsroll.png */; };
		F9120D0B155EF53F00E76A61 /* face.png in Resources */ = {isa = PBXBuildFile; fileRef = F9120D03155EF53E00E76A61 /* face.png */; };
		F9120D0C155EF53F00E76A61 /* textview2.png in Resources */ = {isa = PBXBuildFile; fileRef = F9120D04155EF53E00E76A61 /* textview2.png */; };
		F9120D0D155EF53F00E76A61 /* textview1.png in Resources */ = {isa = PBXBuildFile; fileRef = F9120D05155EF53F00E76A61 /* textview1.png */; };
		F9120D0E155EF53F00E76A61 /* willingtopay.png in Resources */ = {isa = PBXBuildFile; fileRef = F9120D06155EF53F00E76A61 /* willingtopay.png */; };
		F9120D0F155EF53F00E76A61 /* enteryour.png in Resources */ = {isa = PBXBuildFile; fileRef = F9120D07155EF53F00E76A61 /* enteryour.png */; };
		F9120D10155EF53F00E76A61 /* getaride.png in Resources */ = {isa = PBXBuildFile; fileRef = F9120D08155EF53F00E76A61 /* getaride.png */; };
		F9120D13155F04F000E76A61 /* dialog.png in Resources */ = {isa = PBXBuildFile; fileRef = F9120D11155F04EF00E76A61 /* dialog.png */; };
		F9120D14155F04F000E76A61 /* rideconfirmation.png in Resources */ = {isa = PBXBuildFile; fileRef = F9120D12155F04F000E76A61 /* rideconfirmation.png */; };
		F9120D17155F0D8100E76A61 /* PassengerConfirmationController.m in Sources */ = {isa = PBXBuildFile; fileRef = F9120D16155F0D8000E76A61 /* PassengerConfirmationController.m */; };
		F9120D1A155F0D8800E76A61 /* DriverConfirmationController.m in Sources */ = {isa = PBXBuildFile; fileRef = F9120D19155F0D8800E76A61 /* DriverConfirmationController.m */; };
		F9120D1D155F0DF700E76A61 /* pass.png in Resources */ = {isa = PBXBuildFile; fileRef = F9120D1B155F0DF700E76A61 /* pass.png */; };
		F9120D1E155F0DF700E76A61 /* accept.png in Resources */ = {isa = PBXBuildFile; fileRef = F9120D1C155F0DF700E76A61 /* accept.png */; };
		F92F4D2D13F1856A002421FC /* QuartzCore.framework in Frameworks */ = {isa = PBXBuildFile; fileRef = F92F4D2C13F1856A002421FC /* QuartzCore.framework */; };
		F94E18651560257600A1A0FE /* map.html in Resources */ = {isa = PBXBuildFile; fileRef = F94E18641560257500A1A0FE /* map.html */; };
		F9580AAD13F1831A007A5ABE /* UIKit.framework in Frameworks */ = {isa = PBXBuildFile; fileRef = F9580AAC13F1831A007A5ABE /* UIKit.framework */; };
		F9580AAF13F18375007A5ABE /* CoreGraphics.framework in Frameworks */ = {isa = PBXBuildFile; fileRef = F9580AAE13F18375007A5ABE /* CoreGraphics.framework */; };
		F95D647213F0849E00DA9054 /* FBConnect.bundle in Resources */ = {isa = PBXBuildFile; fileRef = F95D647113F0849E00DA9054 /* FBConnect.bundle */; };
		F95D64E213F0857F00DA9054 /* CFNetwork.framework in Frameworks */ = {isa = PBXBuildFile; fileRef = F95D64D913F0857E00DA9054 /* CFNetwork.framework */; };
		F95D64E313F0857F00DA9054 /* CoreData.framework in Frameworks */ = {isa = PBXBuildFile; fileRef = F95D64DA13F0857E00DA9054 /* CoreData.framework */; };
		F95D64E513F0857F00DA9054 /* Foundation.framework in Frameworks */ = {isa = PBXBuildFile; fileRef = F95D64DC13F0857E00DA9054 /* Foundation.framework */; };
		F95D64E713F0857F00DA9054 /* MobileCoreServices.framework in Frameworks */ = {isa = PBXBuildFile; fileRef = F95D64DE13F0857E00DA9054 /* MobileCoreServices.framework */; };
		F95D64E913F0857F00DA9054 /* SystemConfiguration.framework in Frameworks */ = {isa = PBXBuildFile; fileRef = F95D64E013F0857E00DA9054 /* SystemConfiguration.framework */; };
		F991162D155E335400B1F8FD /* libfacebook_ios_sdk.a in Frameworks */ = {isa = PBXBuildFile; fileRef = F95D647013F0849300DA9054 /* libfacebook_ios_sdk.a */; };
		F997D755155EA79B00BDC4EA /* MapKit.framework in Frameworks */ = {isa = PBXBuildFile; fileRef = F997D754155EA79B00BDC4EA /* MapKit.framework */; };
		F997D7B0155EC33E00BDC4EA /* DisplayMap.m in Sources */ = {isa = PBXBuildFile; fileRef = F997D7AF155EC33E00BDC4EA /* DisplayMap.m */; };
		F997D7B5155EC9B300BDC4EA /* GC_background.png in Resources */ = {isa = PBXBuildFile; fileRef = F997D7B1155EC9B300BDC4EA /* GC_background.png */; };
		F997D7B6155EC9B300BDC4EA /* GC_button_pressed.png in Resources */ = {isa = PBXBuildFile; fileRef = F997D7B2155EC9B300BDC4EA /* GC_button_pressed.png */; };
		F997D7B7155EC9B300BDC4EA /* GC_button.png in Resources */ = {isa = PBXBuildFile; fileRef = F997D7B3155EC9B300BDC4EA /* GC_button.png */; };
		F997D7B8155EC9B300BDC4EA /* GC_illustration.png in Resources */ = {isa = PBXBuildFile; fileRef = F997D7B4155EC9B300BDC4EA /* GC_illustration.png */; };
		F997D7BA155ECA6200BDC4EA /* GC_background_login.png in Resources */ = {isa = PBXBuildFile; fileRef = F997D7B9155ECA6100BDC4EA /* GC_background_login.png */; };
		F9AAC11F155E5C92005FC587 /* accept.png in Resources */ = {isa = PBXBuildFile; fileRef = F9AAC11E155E5C92005FC587 /* accept.png */; };
		F9AAC122155E5D24005FC587 /* RideConfirmationController.m in Sources */ = {isa = PBXBuildFile; fileRef = F9AAC121155E5D23005FC587 /* RideConfirmationController.m */; };
		F9AAC124155E5D8D005FC587 /* confirm.png in Resources */ = {isa = PBXBuildFile; fileRef = F9AAC123155E5D8D005FC587 /* confirm.png */; };
		F9B5E9EE155E3BC600DCBDAD /* FBDialog.bundle in Resources */ = {isa = PBXBuildFile; fileRef = F9B5E9ED155E3BC600DCBDAD /* FBDialog.bundle */; };
		F9B5E9F0155E3DE600DCBDAD /* facebook_login.png in Resources */ = {isa = PBXBuildFile; fileRef = F9B5E9EF155E3DE600DCBDAD /* facebook_login.png */; };
		F9B5E9F2155E3E4200DCBDAD /* background.jpg in Resources */ = {isa = PBXBuildFile; fileRef = F9B5E9F1155E3E4200DCBDAD /* background.jpg */; };
		F9B5E9F4155E40E900DCBDAD /* logo2.png in Resources */ = {isa = PBXBuildFile; fileRef = F9B5E9F3155E40E900DCBDAD /* logo2.png */; };
		F9DB889C155F6ECE00826EA3 /* libsqlite3.dylib in Frameworks */ = {isa = PBXBuildFile; fileRef = F9DB889B155F6ECE00826EA3 /* libsqlite3.dylib */; };
		F9E50268155E1A53001514E8 /* FBLoginButton.m in Sources */ = {isa = PBXBuildFile; fileRef = F9E50267155E1A53001514E8 /* FBLoginButton.m */; };
		F9E5028F155E1A84001514E8 /* AppDelegate.m in Sources */ = {isa = PBXBuildFile; fileRef = F9E5028E155E1A84001514E8 /* AppDelegate.m */; };
		F9E50295155E1A94001514E8 /* SignUpController.m in Sources */ = {isa = PBXBuildFile; fileRef = F9E50293155E1A94001514E8 /* SignUpController.m */; };
		F9E5029A155E1AA6001514E8 /* HomeController.m in Sources */ = {isa = PBXBuildFile; fileRef = F9E50297155E1AA6001514E8 /* HomeController.m */; };
		F9E502A1155E1AC0001514E8 /* RideDetailsController.m in Sources */ = {isa = PBXBuildFile; fileRef = F9E502A0155E1AC0001514E8 /* RideDetailsController.m */; };
		F9E502BC155E1AF7001514E8 /* NavigationController.m in Sources */ = {isa = PBXBuildFile; fileRef = F9E502B8155E1AF7001514E8 /* NavigationController.m */; };
		F9E502C9155E1B73001514E8 /* main.m in Sources */ = {isa = PBXBuildFile; fileRef = F9E502C8155E1B73001514E8 /* main.m */; };
		F9FDF5FD155E472B006D9CEA /* drive.png in Resources */ = {isa = PBXBuildFile; fileRef = F9FDF5FB155E472B006D9CEA /* drive.png */; };
		F9FDF5FE155E472B006D9CEA /* request.png in Resources */ = {isa = PBXBuildFile; fileRef = F9FDF5FC155E472B006D9CEA /* request.png */; };
/* End PBXBuildFile section */

/* Begin PBXContainerItemProxy section */
		F95D646F13F0849300DA9054 /* PBXContainerItemProxy */ = {
			isa = PBXContainerItemProxy;
			containerPortal = F95D646813F0849300DA9054 /* facebook-ios-sdk.xcodeproj */;
			proxyType = 2;
			remoteGlobalIDString = D2AAC07E0554694100DB518D;
			remoteInfo = "facebook-ios-sdk";
		};
		F95D64B713F0851400DA9054 /* PBXContainerItemProxy */ = {
			isa = PBXContainerItemProxy;
			containerPortal = F95D646813F0849300DA9054 /* facebook-ios-sdk.xcodeproj */;
			proxyType = 1;
			remoteGlobalIDString = D2AAC07D0554694100DB518D;
			remoteInfo = "facebook-ios-sdk";
		};
		F960C9CF1371F56200793D86 /* PBXContainerItemProxy */ = {
			isa = PBXContainerItemProxy;
			containerPortal = F960C9981371F56100793D86 /* Project object */;
			proxyType = 1;
			remoteGlobalIDString = F960C9A01371F56100793D86;
			remoteInfo = Frankly;
		};
/* End PBXContainerItemProxy section */

/* Begin PBXFileReference section */
		F9120CB0155ECD3000E76A61 /* CoreLocation.framework */ = {isa = PBXFileReference; lastKnownFileType = wrapper.framework; name = CoreLocation.framework; path = System/Library/Frameworks/CoreLocation.framework; sourceTree = SDKROOT; };
		F9120CBA155EEB0E00E76A61 /* 57x57 icon.png */ = {isa = PBXFileReference; lastKnownFileType = image.png; path = "57x57 icon.png"; sourceTree = SOURCE_ROOT; };
		F9120CBB155EEB0E00E76A61 /* 75x75.png */ = {isa = PBXFileReference; lastKnownFileType = image.png; path = 75x75.png; sourceTree = SOURCE_ROOT; };
		F9120CBC155EEB0E00E76A61 /* 114x114.png */ = {isa = PBXFileReference; lastKnownFileType = image.png; path = 114x114.png; sourceTree = SOURCE_ROOT; };
		F9120CF1155EED0D00E76A61 /* GorillaCab-Info.plist */ = {isa = PBXFileReference; fileEncoding = 4; lastKnownFileType = text.plist.xml; name = "GorillaCab-Info.plist"; path = "GorillaTaxi/GorillaCab-Info.plist"; sourceTree = SOURCE_ROOT; };
		F9120CF9155EEF7A00E76A61 /* drive.png */ = {isa = PBXFileReference; lastKnownFileType = image.png; name = drive.png; path = Resources/drive.png; sourceTree = SOURCE_ROOT; };
		F9120CFA155EEF7A00E76A61 /* header.png */ = {isa = PBXFileReference; lastKnownFileType = image.png; name = header.png; path = Resources/header.png; sourceTree = SOURCE_ROOT; };
		F9120CFB155EEF7A00E76A61 /* or.png */ = {isa = PBXFileReference; lastKnownFileType = image.png; name = or.png; path = Resources/or.png; sourceTree = SOURCE_ROOT; };
		F9120CFC155EEF7A00E76A61 /* ride.png */ = {isa = PBXFileReference; lastKnownFileType = image.png; name = ride.png; path = Resources/ride.png; sourceTree = SOURCE_ROOT; };
		F9120D01155EF53E00E76A61 /* background_screen3.png */ = {isa = PBXFileReference; lastKnownFileType = image.png; name = background_screen3.png; path = Resources/background_screen3.png; sourceTree = SOURCE_ROOT; };
		F9120D02155EF53E00E76A61 /* letsroll.png */ = {isa = PBXFileReference; lastKnownFileType = image.png; name = letsroll.png; path = Resources/letsroll.png; sourceTree = SOURCE_ROOT; };
		F9120D03155EF53E00E76A61 /* face.png */ = {isa = PBXFileReference; lastKnownFileType = image.png; name = face.png; path = Resources/face.png; sourceTree = SOURCE_ROOT; };
		F9120D04155EF53E00E76A61 /* textview2.png */ = {isa = PBXFileReference; lastKnownFileType = image.png; name = textview2.png; path = Resources/textview2.png; sourceTree = SOURCE_ROOT; };
		F9120D05155EF53F00E76A61 /* textview1.png */ = {isa = PBXFileReference; lastKnownFileType = image.png; name = textview1.png; path = Resources/textview1.png; sourceTree = SOURCE_ROOT; };
		F9120D06155EF53F00E76A61 /* willingtopay.png */ = {isa = PBXFileReference; lastKnownFileType = image.png; name = willingtopay.png; path = Resources/willingtopay.png; sourceTree = SOURCE_ROOT; };
		F9120D07155EF53F00E76A61 /* enteryour.png */ = {isa = PBXFileReference; lastKnownFileType = image.png; name = enteryour.png; path = Resources/enteryour.png; sourceTree = SOURCE_ROOT; };
		F9120D08155EF53F00E76A61 /* getaride.png */ = {isa = PBXFileReference; lastKnownFileType = image.png; name = getaride.png; path = Resources/getaride.png; sourceTree = SOURCE_ROOT; };
		F9120D11155F04EF00E76A61 /* dialog.png */ = {isa = PBXFileReference; lastKnownFileType = image.png; name = dialog.png; path = Resources/dialog.png; sourceTree = SOURCE_ROOT; };
		F9120D12155F04F000E76A61 /* rideconfirmation.png */ = {isa = PBXFileReference; lastKnownFileType = image.png; name = rideconfirmation.png; path = Resources/rideconfirmation.png; sourceTree = SOURCE_ROOT; };
		F9120D15155F0D8000E76A61 /* PassengerConfirmationController.h */ = {isa = PBXFileReference; fileEncoding = 4; lastKnownFileType = sourcecode.c.h; name = PassengerConfirmationController.h; path = GorillaTaxi/PassengerConfirmationController.h; sourceTree = SOURCE_ROOT; };
		F9120D16155F0D8000E76A61 /* PassengerConfirmationController.m */ = {isa = PBXFileReference; fileEncoding = 4; lastKnownFileType = sourcecode.c.objc; name = PassengerConfirmationController.m; path = GorillaTaxi/PassengerConfirmationController.m; sourceTree = SOURCE_ROOT; };
		F9120D18155F0D8700E76A61 /* DriverConfirmationController.h */ = {isa = PBXFileReference; fileEncoding = 4; lastKnownFileType = sourcecode.c.h; name = DriverConfirmationController.h; path = GorillaTaxi/DriverConfirmationController.h; sourceTree = SOURCE_ROOT; };
		F9120D19155F0D8800E76A61 /* DriverConfirmationController.m */ = {isa = PBXFileReference; fileEncoding = 4; lastKnownFileType = sourcecode.c.objc; name = DriverConfirmationController.m; path = GorillaTaxi/DriverConfirmationController.m; sourceTree = SOURCE_ROOT; };
		F9120D1B155F0DF700E76A61 /* pass.png */ = {isa = PBXFileReference; lastKnownFileType = image.png; name = pass.png; path = Resources/pass.png; sourceTree = SOURCE_ROOT; };
		F9120D1C155F0DF700E76A61 /* accept.png */ = {isa = PBXFileReference; lastKnownFileType = image.png; name = accept.png; path = Resources/accept.png; sourceTree = SOURCE_ROOT; };
		F92F4D2C13F1856A002421FC /* QuartzCore.framework */ = {isa = PBXFileReference; lastKnownFileType = wrapper.framework; name = QuartzCore.framework; path = System/Library/Frameworks/QuartzCore.framework; sourceTree = SDKROOT; };
		F94E18641560257500A1A0FE /* map.html */ = {isa = PBXFileReference; fileEncoding = 4; lastKnownFileType = text.html; name = map.html; path = Resources/map.html; sourceTree = SOURCE_ROOT; };
		F94E18661560258400A1A0FE /* LQConfig.h */ = {isa = PBXFileReference; fileEncoding = 4; lastKnownFileType = sourcecode.c.h; name = LQConfig.h; path = GeoloqiSDK/LQConfig.h; sourceTree = SOURCE_ROOT; };
		F94E186D156027E600A1A0FE /* GorillaTaxi-Prefix.pch */ = {isa = PBXFileReference; fileEncoding = 4; lastKnownFileType = sourcecode.c.h; name = "GorillaTaxi-Prefix.pch"; path = "GorillaTaxi/GorillaTaxi-Prefix.pch"; sourceTree = SOURCE_ROOT; };
		F9580AAC13F1831A007A5ABE /* UIKit.framework */ = {isa = PBXFileReference; lastKnownFileType = wrapper.framework; name = UIKit.framework; path = System/Library/Frameworks/UIKit.framework; sourceTree = SDKROOT; };
		F9580AAE13F18375007A5ABE /* CoreGraphics.framework */ = {isa = PBXFileReference; lastKnownFileType = wrapper.framework; name = CoreGraphics.framework; path = System/Library/Frameworks/CoreGraphics.framework; sourceTree = SDKROOT; };
		F95D646813F0849300DA9054 /* facebook-ios-sdk.xcodeproj */ = {isa = PBXFileReference; lastKnownFileType = "wrapper.pb-project"; name = "facebook-ios-sdk.xcodeproj"; path = "IPhoneiOsSDK/src/facebook-ios-sdk.xcodeproj"; sourceTree = SOURCE_ROOT; };
		F95D647113F0849E00DA9054 /* FBConnect.bundle */ = {isa = PBXFileReference; lastKnownFileType = "wrapper.plug-in"; name = FBConnect.bundle; path = IPhoneiOsSDK/sample/FBConnect.bundle; sourceTree = SOURCE_ROOT; };
		F95D64D913F0857E00DA9054 /* CFNetwork.framework */ = {isa = PBXFileReference; lastKnownFileType = wrapper.framework; name = CFNetwork.framework; path = System/Library/Frameworks/CFNetwork.framework; sourceTree = SDKROOT; };
		F95D64DA13F0857E00DA9054 /* CoreData.framework */ = {isa = PBXFileReference; lastKnownFileType = wrapper.framework; name = CoreData.framework; path = System/Library/Frameworks/CoreData.framework; sourceTree = SDKROOT; };
		F95D64DC13F0857E00DA9054 /* Foundation.framework */ = {isa = PBXFileReference; lastKnownFileType = wrapper.framework; name = Foundation.framework; path = System/Library/Frameworks/Foundation.framework; sourceTree = SDKROOT; };
		F95D64DE13F0857E00DA9054 /* MobileCoreServices.framework */ = {isa = PBXFileReference; lastKnownFileType = wrapper.framework; name = MobileCoreServices.framework; path = System/Library/Frameworks/MobileCoreServices.framework; sourceTree = SDKROOT; };
		F95D64E013F0857E00DA9054 /* SystemConfiguration.framework */ = {isa = PBXFileReference; lastKnownFileType = wrapper.framework; name = SystemConfiguration.framework; path = System/Library/Frameworks/SystemConfiguration.framework; sourceTree = SDKROOT; };
		F960C9A11371F56100793D86 /* GorillaCab.app */ = {isa = PBXFileReference; explicitFileType = wrapper.application; includeInIndex = 0; path = GorillaCab.app; sourceTree = BUILT_PRODUCTS_DIR; };
		F960C9CB1371F56200793D86 /* GorillaCabTests.octest */ = {isa = PBXFileReference; explicitFileType = wrapper.cfbundle; includeInIndex = 0; path = GorillaCabTests.octest; sourceTree = BUILT_PRODUCTS_DIR; };
		F997D754155EA79B00BDC4EA /* MapKit.framework */ = {isa = PBXFileReference; lastKnownFileType = wrapper.framework; name = MapKit.framework; path = System/Library/Frameworks/MapKit.framework; sourceTree = SDKROOT; };
		F997D7AE155EC33D00BDC4EA /* DisplayMap.h */ = {isa = PBXFileReference; fileEncoding = 4; lastKnownFileType = sourcecode.c.h; name = DisplayMap.h; path = GorillaTaxi/DisplayMap.h; sourceTree = SOURCE_ROOT; };
		F997D7AF155EC33E00BDC4EA /* DisplayMap.m */ = {isa = PBXFileReference; fileEncoding = 4; lastKnownFileType = sourcecode.c.objc; name = DisplayMap.m; path = GorillaTaxi/DisplayMap.m; sourceTree = SOURCE_ROOT; };
		F997D7B1155EC9B300BDC4EA /* GC_background.png */ = {isa = PBXFileReference; lastKnownFileType = image.png; name = GC_background.png; path = Resources/GC_background.png; sourceTree = SOURCE_ROOT; };
		F997D7B2155EC9B300BDC4EA /* GC_button_pressed.png */ = {isa = PBXFileReference; lastKnownFileType = image.png; name = GC_button_pressed.png; path = Resources/GC_button_pressed.png; sourceTree = SOURCE_ROOT; };
		F997D7B3155EC9B300BDC4EA /* GC_button.png */ = {isa = PBXFileReference; lastKnownFileType = image.png; name = GC_button.png; path = Resources/GC_button.png; sourceTree = SOURCE_ROOT; };
		F997D7B4155EC9B300BDC4EA /* GC_illustration.png */ = {isa = PBXFileReference; lastKnownFileType = image.png; name = GC_illustration.png; path = Resources/GC_illustration.png; sourceTree = SOURCE_ROOT; };
		F997D7B9155ECA6100BDC4EA /* GC_background_login.png */ = {isa = PBXFileReference; lastKnownFileType = image.png; name = GC_background_login.png; path = Resources/GC_background_login.png; sourceTree = SOURCE_ROOT; };
		F9AAC11E155E5C92005FC587 /* accept.png */ = {isa = PBXFileReference; lastKnownFileType = image.png; name = accept.png; path = Resources/accept.png; sourceTree = SOURCE_ROOT; };
		F9AAC120155E5D23005FC587 /* RideConfirmationController.h */ = {isa = PBXFileReference; fileEncoding = 4; lastKnownFileType = sourcecode.c.h; name = RideConfirmationController.h; path = GorillaTaxi/RideConfirmationController.h; sourceTree = SOURCE_ROOT; };
		F9AAC121155E5D23005FC587 /* RideConfirmationController.m */ = {isa = PBXFileReference; fileEncoding = 4; lastKnownFileType = sourcecode.c.objc; name = RideConfirmationController.m; path = GorillaTaxi/RideConfirmationController.m; sourceTree = SOURCE_ROOT; };
		F9AAC123155E5D8D005FC587 /* confirm.png */ = {isa = PBXFileReference; lastKnownFileType = image.png; name = confirm.png; path = Resources/confirm.png; sourceTree = SOURCE_ROOT; };
		F9B5E9ED155E3BC600DCBDAD /* FBDialog.bundle */ = {isa = PBXFileReference; lastKnownFileType = "wrapper.plug-in"; path = FBDialog.bundle; sourceTree = SOURCE_ROOT; };
		F9B5E9EF155E3DE600DCBDAD /* facebook_login.png */ = {isa = PBXFileReference; lastKnownFileType = image.png; name = facebook_login.png; path = Resources/facebook_login.png; sourceTree = SOURCE_ROOT; };
		F9B5E9F1155E3E4200DCBDAD /* background.jpg */ = {isa = PBXFileReference; lastKnownFileType = image.jpeg; name = background.jpg; path = Resources/background.jpg; sourceTree = SOURCE_ROOT; };
		F9B5E9F3155E40E900DCBDAD /* logo2.png */ = {isa = PBXFileReference; lastKnownFileType = image.png; name = logo2.png; path = Resources/logo2.png; sourceTree = SOURCE_ROOT; };
		F9DB888B155F6DD100826EA3 /* Geoloqi.h */ = {isa = PBXFileReference; fileEncoding = 4; lastKnownFileType = sourcecode.c.h; path = Geoloqi.h; sourceTree = "<group>"; };
		F9DB888E155F6DD100826EA3 /* LQError.h */ = {isa = PBXFileReference; fileEncoding = 4; lastKnownFileType = sourcecode.c.h; path = LQError.h; sourceTree = "<group>"; };
		F9DB888F155F6DD100826EA3 /* LQSDKVersion.h */ = {isa = PBXFileReference; fileEncoding = 4; lastKnownFileType = sourcecode.c.h; path = LQSDKVersion.h; sourceTree = "<group>"; };
		F9DB8890155F6DD100826EA3 /* LQSession.h */ = {isa = PBXFileReference; fileEncoding = 4; lastKnownFileType = sourcecode.c.h; path = LQSession.h; sourceTree = "<group>"; };
		F9DB8891155F6DD100826EA3 /* LQTracker.h */ = {isa = PBXFileReference; fileEncoding = 4; lastKnownFileType = sourcecode.c.h; path = LQTracker.h; sourceTree = "<group>"; };
		F9DB889B155F6ECE00826EA3 /* libsqlite3.dylib */ = {isa = PBXFileReference; lastKnownFileType = "compiled.mach-o.dylib"; name = libsqlite3.dylib; path = usr/lib/libsqlite3.dylib; sourceTree = SDKROOT; };
		F9E50266155E1A53001514E8 /* FBLoginButton.h */ = {isa = PBXFileReference; fileEncoding = 4; lastKnownFileType = sourcecode.c.h; name = FBLoginButton.h; path = GorillaTaxi/FBLoginButton.h; sourceTree = SOURCE_ROOT; };
		F9E50267155E1A53001514E8 /* FBLoginButton.m */ = {isa = PBXFileReference; fileEncoding = 4; lastKnownFileType = sourcecode.c.objc; name = FBLoginButton.m; path = GorillaTaxi/FBLoginButton.m; sourceTree = SOURCE_ROOT; };
		F9E5028D155E1A84001514E8 /* AppDelegate.h */ = {isa = PBXFileReference; fileEncoding = 4; lastKnownFileType = sourcecode.c.h; name = AppDelegate.h; path = GorillaTaxi/AppDelegate.h; sourceTree = SOURCE_ROOT; };
		F9E5028E155E1A84001514E8 /* AppDelegate.m */ = {isa = PBXFileReference; fileEncoding = 4; lastKnownFileType = sourcecode.c.objc; name = AppDelegate.m; path = GorillaTaxi/AppDelegate.m; sourceTree = SOURCE_ROOT; };
		F9E50292155E1A94001514E8 /* SignUpController.h */ = {isa = PBXFileReference; fileEncoding = 4; lastKnownFileType = sourcecode.c.h; name = SignUpController.h; path = GorillaTaxi/SignUpController.h; sourceTree = SOURCE_ROOT; };
		F9E50293155E1A94001514E8 /* SignUpController.m */ = {isa = PBXFileReference; fileEncoding = 4; lastKnownFileType = sourcecode.c.objc; name = SignUpController.m; path = GorillaTaxi/SignUpController.m; sourceTree = SOURCE_ROOT; };
		F9E50296155E1AA6001514E8 /* HomeController.h */ = {isa = PBXFileReference; fileEncoding = 4; lastKnownFileType = sourcecode.c.h; name = HomeController.h; path = GorillaTaxi/HomeController.h; sourceTree = SOURCE_ROOT; };
		F9E50297155E1AA6001514E8 /* HomeController.m */ = {isa = PBXFileReference; fileEncoding = 4; lastKnownFileType = sourcecode.c.objc; name = HomeController.m; path = GorillaTaxi/HomeController.m; sourceTree = SOURCE_ROOT; };
		F9E5029F155E1AC0001514E8 /* RideDetailsController.h */ = {isa = PBXFileReference; fileEncoding = 4; lastKnownFileType = sourcecode.c.h; name = RideDetailsController.h; path = GorillaTaxi/RideDetailsController.h; sourceTree = SOURCE_ROOT; };
		F9E502A0155E1AC0001514E8 /* RideDetailsController.m */ = {isa = PBXFileReference; fileEncoding = 4; lastKnownFileType = sourcecode.c.objc; name = RideDetailsController.m; path = GorillaTaxi/RideDetailsController.m; sourceTree = SOURCE_ROOT; };
		F9E502B7155E1AF7001514E8 /* NavigationController.h */ = {isa = PBXFileReference; fileEncoding = 4; lastKnownFileType = sourcecode.c.h; name = NavigationController.h; path = GorillaTaxi/NavigationController.h; sourceTree = SOURCE_ROOT; };
		F9E502B8155E1AF7001514E8 /* NavigationController.m */ = {isa = PBXFileReference; fileEncoding = 4; lastKnownFileType = sourcecode.c.objc; name = NavigationController.m; path = GorillaTaxi/NavigationController.m; sourceTree = SOURCE_ROOT; };
		F9E502C8155E1B73001514E8 /* main.m */ = {isa = PBXFileReference; fileEncoding = 4; lastKnownFileType = sourcecode.c.objc; name = main.m; path = GorillaTaxi/main.m; sourceTree = SOURCE_ROOT; };
		F9FDF5FB155E472B006D9CEA /* drive.png */ = {isa = PBXFileReference; lastKnownFileType = image.png; name = drive.png; path = Resources/drive.png; sourceTree = SOURCE_ROOT; };
		F9FDF5FC155E472B006D9CEA /* request.png */ = {isa = PBXFileReference; lastKnownFileType = image.png; name = request.png; path = Resources/request.png; sourceTree = SOURCE_ROOT; };
/* End PBXFileReference section */

/* Begin PBXFrameworksBuildPhase section */
		F960C99E1371F56100793D86 /* Frameworks */ = {
			isa = PBXFrameworksBuildPhase;
			buildActionMask = 2147483647;
			files = (
				F9120CB1155ECD3100E76A61 /* CoreLocation.framework in Frameworks */,
				F9DB889C155F6ECE00826EA3 /* libsqlite3.dylib in Frameworks */,
				F997D755155EA79B00BDC4EA /* MapKit.framework in Frameworks */,
				F991162D155E335400B1F8FD /* libfacebook_ios_sdk.a in Frameworks */,
				F92F4D2D13F1856A002421FC /* QuartzCore.framework in Frameworks */,
				F9580AAF13F18375007A5ABE /* CoreGraphics.framework in Frameworks */,
				F9580AAD13F1831A007A5ABE /* UIKit.framework in Frameworks */,
				F95D64E213F0857F00DA9054 /* CFNetwork.framework in Frameworks */,
				F95D64E313F0857F00DA9054 /* CoreData.framework in Frameworks */,
				F95D64E513F0857F00DA9054 /* Foundation.framework in Frameworks */,
				F95D64E713F0857F00DA9054 /* MobileCoreServices.framework in Frameworks */,
				F95D64E913F0857F00DA9054 /* SystemConfiguration.framework in Frameworks */,
			);
			runOnlyForDeploymentPostprocessing = 0;
		};
		F960C9C71371F56200793D86 /* Frameworks */ = {
			isa = PBXFrameworksBuildPhase;
			buildActionMask = 2147483647;
			files = (
			);
			runOnlyForDeploymentPostprocessing = 0;
		};
/* End PBXFrameworksBuildPhase section */

/* Begin PBXGroup section */
		F92F4D2E13F18687002421FC /* Libraries */ = {
			isa = PBXGroup;
			children = (
				F9DB888A155F6DD100826EA3 /* GeoloqiSDK */,
				F960CA641371F7B200793D86 /* iPhoneIOSSDK */,
			);
			name = Libraries;
			sourceTree = "<group>";
		};
		F94E1867156025C500A1A0FE /* Home */ = {
			isa = PBXGroup;
			children = (
				F9E50296155E1AA6001514E8 /* HomeController.h */,
				F9E50297155E1AA6001514E8 /* HomeController.m */,
			);
			name = Home;
			sourceTree = "<group>";
		};
		F95D646913F0849300DA9054 /* Products */ = {
			isa = PBXGroup;
			children = (
				F95D647013F0849300DA9054 /* libfacebook_ios_sdk.a */,
			);
			name = Products;
			sourceTree = "<group>";
		};
		F960C9961371F56100793D86 = {
			isa = PBXGroup;
			children = (
				F960C9AB1371F56100793D86 /* GorillaTaxi */,
				F960C9A41371F56100793D86 /* Frameworks */,
				F960C9A21371F56100793D86 /* Products */,
			);
			sourceTree = "<group>";
		};
		F960C9A21371F56100793D86 /* Products */ = {
			isa = PBXGroup;
			children = (
				F960C9A11371F56100793D86 /* GorillaCab.app */,
				F960C9CB1371F56200793D86 /* GorillaCabTests.octest */,
			);
			name = Products;
			sourceTree = "<group>";
		};
		F960C9A41371F56100793D86 /* Frameworks */ = {
			isa = PBXGroup;
			children = (
				F9DB889B155F6ECE00826EA3 /* libsqlite3.dylib */,
				F9120CB0155ECD3000E76A61 /* CoreLocation.framework */,
				F997D754155EA79B00BDC4EA /* MapKit.framework */,
				F92F4D2C13F1856A002421FC /* QuartzCore.framework */,
				F9580AAC13F1831A007A5ABE /* UIKit.framework */,
				F9580AAE13F18375007A5ABE /* CoreGraphics.framework */,
				F95D64DA13F0857E00DA9054 /* CoreData.framework */,
				F95D64DC13F0857E00DA9054 /* Foundation.framework */,
				F95D64D913F0857E00DA9054 /* CFNetwork.framework */,
				F95D64DE13F0857E00DA9054 /* MobileCoreServices.framework */,
				F95D64E013F0857E00DA9054 /* SystemConfiguration.framework */,
			);
			name = Frameworks;
			sourceTree = "<group>";
		};
		F960C9AB1371F56100793D86 /* GorillaTaxi */ = {
			isa = PBXGroup;
			children = (
				F960C9FA1371F62400793D86 /* Code */,
				F92F4D2E13F18687002421FC /* Libraries */,
				F960C9AC1371F56100793D86 /* Supporting Files */,
				F9120CF1155EED0D00E76A61 /* GorillaCab-Info.plist */,
				F94E186D156027E600A1A0FE /* GorillaTaxi-Prefix.pch */,
				F9E502C8155E1B73001514E8 /* main.m */,
			);
			name = GorillaTaxi;
			path = Frankly;
			sourceTree = "<group>";
		};
		F960C9AC1371F56100793D86 /* Supporting Files */ = {
			isa = PBXGroup;
			children = (
				F9120D1B155F0DF700E76A61 /* pass.png */,
				F9120D1C155F0DF700E76A61 /* accept.png */,
				F9120D11155F04EF00E76A61 /* dialog.png */,
				F9120D12155F04F000E76A61 /* rideconfirmation.png */,
				F9120D01155EF53E00E76A61 /* background_screen3.png */,
				F9120D02155EF53E00E76A61 /* letsroll.png */,
				F9120D03155EF53E00E76A61 /* face.png */,
				F9120D04155EF53E00E76A61 /* textview2.png */,
				F9120D05155EF53F00E76A61 /* textview1.png */,
				F9120D06155EF53F00E76A61 /* willingtopay.png */,
				F9120D07155EF53F00E76A61 /* enteryour.png */,
				F9120D08155EF53F00E76A61 /* getaride.png */,
				F9120CF9155EEF7A00E76A61 /* drive.png */,
				F9120CFA155EEF7A00E76A61 /* header.png */,
				F9120CFB155EEF7A00E76A61 /* or.png */,
				F9120CFC155EEF7A00E76A61 /* ride.png */,
				F9120CBA155EEB0E00E76A61 /* 57x57 icon.png */,
				F9120CBB155EEB0E00E76A61 /* 75x75.png */,
				F9120CBC155EEB0E00E76A61 /* 114x114.png */,
				F997D7B9155ECA6100BDC4EA /* GC_background_login.png */,
				F997D7B1155EC9B300BDC4EA /* GC_background.png */,
				F997D7B2155EC9B300BDC4EA /* GC_button_pressed.png */,
				F997D7B3155EC9B300BDC4EA /* GC_button.png */,
				F997D7B4155EC9B300BDC4EA /* GC_illustration.png */,
				F9FDF5FB155E472B006D9CEA /* drive.png */,
				F9AAC123155E5D8D005FC587 /* confirm.png */,
				F9AAC11E155E5C92005FC587 /* accept.png */,
				F9FDF5FC155E472B006D9CEA /* request.png */,
				F9B5E9F3155E40E900DCBDAD /* logo2.png */,
				F9B5E9EF155E3DE600DCBDAD /* facebook_login.png */,
				F9B5E9F1155E3E4200DCBDAD /* background.jpg */,
			);
			name = "Supporting Files";
			sourceTree = "<group>";
		};
		F960C9F91371F61600793D86 /* AppDelegate */ = {
			isa = PBXGroup;
			children = (
				F9E5028D155E1A84001514E8 /* AppDelegate.h */,
				F9E5028E155E1A84001514E8 /* AppDelegate.m */,
			);
			name = AppDelegate;
			sourceTree = "<group>";
		};
		F960C9FA1371F62400793D86 /* Code */ = {
			isa = PBXGroup;
			children = (
				F94E18641560257500A1A0FE /* map.html */,
				F960CA5D1371F6C600793D86 /* Helpers */,
				F960C9F91371F61600793D86 /* AppDelegate */,
				F960CA5C1371F68700793D86 /* Controllers */,
			);
			name = Code;
			sourceTree = "<group>";
		};
		F960CA5C1371F68700793D86 /* Controllers */ = {
			isa = PBXGroup;
			children = (
				F960CA5E1371F6E200793D86 /* Signup */,
				F94E1867156025C500A1A0FE /* Home */,
				F960CA5F1371F6E900793D86 /* DriverPassenger */,
				F997D7AE155EC33D00BDC4EA /* DisplayMap.h */,
				F997D7AF155EC33E00BDC4EA /* DisplayMap.m */,
			);
			name = Controllers;
			sourceTree = "<group>";
		};
		F960CA5D1371F6C600793D86 /* Helpers */ = {
			isa = PBXGroup;
			children = (
				F94E18661560258400A1A0FE /* LQConfig.h */,
				F9E50266155E1A53001514E8 /* FBLoginButton.h */,
				F9E50267155E1A53001514E8 /* FBLoginButton.m */,
			);
			name = Helpers;
			sourceTree = "<group>";
		};
		F960CA5E1371F6E200793D86 /* Signup */ = {
			isa = PBXGroup;
			children = (
				F9E50292155E1A94001514E8 /* SignUpController.h */,
				F9E50293155E1A94001514E8 /* SignUpController.m */,
			);
			name = Signup;
			sourceTree = "<group>";
		};
		F960CA5F1371F6E900793D86 /* DriverPassenger */ = {
			isa = PBXGroup;
			children = (
				F9120D18155F0D8700E76A61 /* DriverConfirmationController.h */,
				F9120D19155F0D8800E76A61 /* DriverConfirmationController.m */,
				F9120D15155F0D8000E76A61 /* PassengerConfirmationController.h */,
				F9120D16155F0D8000E76A61 /* PassengerConfirmationController.m */,
				F9AAC120155E5D23005FC587 /* RideConfirmationController.h */,
				F9AAC121155E5D23005FC587 /* RideConfirmationController.m */,
				F9E5029F155E1AC0001514E8 /* RideDetailsController.h */,
				F9E502A0155E1AC0001514E8 /* RideDetailsController.m */,
				F9E502B7155E1AF7001514E8 /* NavigationController.h */,
				F9E502B8155E1AF7001514E8 /* NavigationController.m */,
			);
			name = DriverPassenger;
			sourceTree = "<group>";
		};
		F960CA641371F7B200793D86 /* iPhoneIOSSDK */ = {
			isa = PBXGroup;
			children = (
				F95D647113F0849E00DA9054 /* FBConnect.bundle */,
				F9B5E9ED155E3BC600DCBDAD /* FBDialog.bundle */,
				F95D646813F0849300DA9054 /* facebook-ios-sdk.xcodeproj */,
			);
			name = iPhoneIOSSDK;
			sourceTree = "<group>";
		};
		F9DB888A155F6DD100826EA3 /* GeoloqiSDK */ = {
			isa = PBXGroup;
			children = (
				F9DB888B155F6DD100826EA3 /* Geoloqi.h */,
				F9DB888E155F6DD100826EA3 /* LQError.h */,
				F9DB888F155F6DD100826EA3 /* LQSDKVersion.h */,
				F9DB8890155F6DD100826EA3 /* LQSession.h */,
				F9DB8891155F6DD100826EA3 /* LQTracker.h */,
			);
			path = GeoloqiSDK;
			sourceTree = SOURCE_ROOT;
		};
/* End PBXGroup section */

/* Begin PBXNativeTarget section */
		F960C9A01371F56100793D86 /* GorillaCab */ = {
			isa = PBXNativeTarget;
			buildConfigurationList = F960C9DE1371F56200793D86 /* Build configuration list for PBXNativeTarget "GorillaCab" */;
			buildPhases = (
				F960C99D1371F56100793D86 /* Sources */,
				F960C99E1371F56100793D86 /* Frameworks */,
				F960C99F1371F56100793D86 /* Resources */,
			);
			buildRules = (
			);
			dependencies = (
				F95D64B813F0851400DA9054 /* PBXTargetDependency */,
			);
			name = GorillaCab;
			productName = Frankly;
			productReference = F960C9A11371F56100793D86 /* GorillaCab.app */;
			productType = "com.apple.product-type.application";
		};
		F960C9CA1371F56200793D86 /* GorillaCabTests */ = {
			isa = PBXNativeTarget;
			buildConfigurationList = F960C9E11371F56200793D86 /* Build configuration list for PBXNativeTarget "GorillaCabTests" */;
			buildPhases = (
				F960C9C61371F56200793D86 /* Sources */,
				F960C9C71371F56200793D86 /* Frameworks */,
				F960C9C81371F56200793D86 /* Resources */,
				F960C9C91371F56200793D86 /* ShellScript */,
			);
			buildRules = (
			);
			dependencies = (
				F960C9D01371F56200793D86 /* PBXTargetDependency */,
			);
			name = GorillaCabTests;
			productName = FranklyTests;
			productReference = F960C9CB1371F56200793D86 /* GorillaCabTests.octest */;
			productType = "com.apple.product-type.bundle";
		};
/* End PBXNativeTarget section */

/* Begin PBXProject section */
		F960C9981371F56100793D86 /* Project object */ = {
			isa = PBXProject;
			attributes = {
				LastUpgradeCheck = 0420;
				ORGANIZATIONNAME = codemodlabs.com;
			};
			buildConfigurationList = F960C99B1371F56100793D86 /* Build configuration list for PBXProject "GorillaCab" */;
			compatibilityVersion = "Xcode 3.2";
			developmentRegion = English;
			hasScannedForEncodings = 0;
			knownRegions = (
				en,
			);
			mainGroup = F960C9961371F56100793D86;
			productRefGroup = F960C9A21371F56100793D86 /* Products */;
			projectDirPath = "";
			projectReferences = (
				{
					ProductGroup = F95D646913F0849300DA9054 /* Products */;
					ProjectRef = F95D646813F0849300DA9054 /* facebook-ios-sdk.xcodeproj */;
				},
			);
			projectRoot = "";
			targets = (
				F960C9A01371F56100793D86 /* GorillaCab */,
				F960C9CA1371F56200793D86 /* GorillaCabTests */,
			);
		};
/* End PBXProject section */

/* Begin PBXReferenceProxy section */
		F95D647013F0849300DA9054 /* libfacebook_ios_sdk.a */ = {
			isa = PBXReferenceProxy;
			fileType = archive.ar;
			path = libfacebook_ios_sdk.a;
			remoteRef = F95D646F13F0849300DA9054 /* PBXContainerItemProxy */;
			sourceTree = BUILT_PRODUCTS_DIR;
		};
/* End PBXReferenceProxy section */

/* Begin PBXResourcesBuildPhase section */
		F960C99F1371F56100793D86 /* Resources */ = {
			isa = PBXResourcesBuildPhase;
			buildActionMask = 2147483647;
			files = (
				F95D647213F0849E00DA9054 /* FBConnect.bundle in Resources */,
				F9B5E9EE155E3BC600DCBDAD /* FBDialog.bundle in Resources */,
				F9B5E9F0155E3DE600DCBDAD /* facebook_login.png in Resources */,
				F9B5E9F2155E3E4200DCBDAD /* background.jpg in Resources */,
				F9B5E9F4155E40E900DCBDAD /* logo2.png in Resources */,
				F9FDF5FD155E472B006D9CEA /* drive.png in Resources */,
				F9FDF5FE155E472B006D9CEA /* request.png in Resources */,
				F9AAC11F155E5C92005FC587 /* accept.png in Resources */,
				F9AAC124155E5D8D005FC587 /* confirm.png in Resources */,
				F997D7B5155EC9B300BDC4EA /* GC_background.png in Resources */,
				F997D7B6155EC9B300BDC4EA /* GC_button_pressed.png in Resources */,
				F997D7B7155EC9B300BDC4EA /* GC_button.png in Resources */,
				F997D7B8155EC9B300BDC4EA /* GC_illustration.png in Resources */,
				F997D7BA155ECA6200BDC4EA /* GC_background_login.png in Resources */,
				F9120CBD155EEB0E00E76A61 /* 57x57 icon.png in Resources */,
				F9120CBE155EEB0E00E76A61 /* 75x75.png in Resources */,
				F9120CBF155EEB0E00E76A61 /* 114x114.png in Resources */,
				F9120CF2155EED0D00E76A61 /* GorillaCab-Info.plist in Resources */,
				F9120CFD155EEF7A00E76A61 /* drive.png in Resources */,
				F9120CFE155EEF7A00E76A61 /* header.png in Resources */,
				F9120CFF155EEF7A00E76A61 /* or.png in Resources */,
				F9120D00155EEF7A00E76A61 /* ride.png in Resources */,
				F9120D09155EF53F00E76A61 /* background_screen3.png in Resources */,
				F9120D0A155EF53F00E76A61 /* letsroll.png in Resources */,
				F9120D0B155EF53F00E76A61 /* face.png in Resources */,
				F9120D0C155EF53F00E76A61 /* textview2.png in Resources */,
				F9120D0D155EF53F00E76A61 /* textview1.png in Resources */,
				F9120D0E155EF53F00E76A61 /* willingtopay.png in Resources */,
				F9120D0F155EF53F00E76A61 /* enteryour.png in Resources */,
				F9120D10155EF53F00E76A61 /* getaride.png in Resources */,
				F9120D13155F04F000E76A61 /* dialog.png in Resources */,
				F9120D14155F04F000E76A61 /* rideconfirmation.png in Resources */,
				F9120D1D155F0DF700E76A61 /* pass.png in Resources */,
				F9120D1E155F0DF700E76A61 /* accept.png in Resources */,
				F94E18651560257600A1A0FE /* map.html in Resources */,
			);
			runOnlyForDeploymentPostprocessing = 0;
		};
		F960C9C81371F56200793D86 /* Resources */ = {
			isa = PBXResourcesBuildPhase;
			buildActionMask = 2147483647;
			files = (
			);
			runOnlyForDeploymentPostprocessing = 0;
		};
/* End PBXResourcesBuildPhase section */

/* Begin PBXShellScriptBuildPhase section */
		F960C9C91371F56200793D86 /* ShellScript */ = {
			isa = PBXShellScriptBuildPhase;
			buildActionMask = 2147483647;
			files = (
			);
			inputPaths = (
			);
			outputPaths = (
			);
			runOnlyForDeploymentPostprocessing = 0;
			shellPath = /bin/sh;
			shellScript = "# Run the unit tests in this test bundle.\n\"${SYSTEM_DEVELOPER_DIR}/Tools/RunUnitTests\"\n";
		};
/* End PBXShellScriptBuildPhase section */

/* Begin PBXSourcesBuildPhase section */
		F960C99D1371F56100793D86 /* Sources */ = {
			isa = PBXSourcesBuildPhase;
			buildActionMask = 2147483647;
			files = (
				F9E50268155E1A53001514E8 /* FBLoginButton.m in Sources */,
				F9E5028F155E1A84001514E8 /* AppDelegate.m in Sources */,
				F9E50295155E1A94001514E8 /* SignUpController.m in Sources */,
				F9E5029A155E1AA6001514E8 /* HomeController.m in Sources */,
				F9E502A1155E1AC0001514E8 /* RideDetailsController.m in Sources */,
				F9E502BC155E1AF7001514E8 /* NavigationController.m in Sources */,
				F9E502C9155E1B73001514E8 /* main.m in Sources */,
				F9AAC122155E5D24005FC587 /* RideConfirmationController.m in Sources */,
				F997D7B0155EC33E00BDC4EA /* DisplayMap.m in Sources */,
				F9120D17155F0D8100E76A61 /* PassengerConfirmationController.m in Sources */,
				F9120D1A155F0D8800E76A61 /* DriverConfirmationController.m in Sources */,
			);
			runOnlyForDeploymentPostprocessing = 0;
		};
		F960C9C61371F56200793D86 /* Sources */ = {
			isa = PBXSourcesBuildPhase;
			buildActionMask = 2147483647;
			files = (
			);
			runOnlyForDeploymentPostprocessing = 0;
		};
/* End PBXSourcesBuildPhase section */

/* Begin PBXTargetDependency section */
		F95D64B813F0851400DA9054 /* PBXTargetDependency */ = {
			isa = PBXTargetDependency;
			name = "facebook-ios-sdk";
			targetProxy = F95D64B713F0851400DA9054 /* PBXContainerItemProxy */;
		};
		F960C9D01371F56200793D86 /* PBXTargetDependency */ = {
			isa = PBXTargetDependency;
			target = F960C9A01371F56100793D86 /* GorillaCab */;
			targetProxy = F960C9CF1371F56200793D86 /* PBXContainerItemProxy */;
		};
/* End PBXTargetDependency section */

/* Begin XCBuildConfiguration section */
		F960C9DC1371F56200793D86 /* Debug */ = {
			isa = XCBuildConfiguration;
			buildSettings = {
				ARCHS = "$(ARCHS_STANDARD_32_BIT)";
				CLANG_ENABLE_OBJC_ARC = YES;
				CODE_SIGN_IDENTITY = "iPhone Developer: Nelson Melo (C88Y6GKY4D)";
				"CODE_SIGN_IDENTITY[sdk=iphoneos*]" = "iPhone Developer: Nelson Melo (C88Y6GKY4D)";
				GCC_C_LANGUAGE_STANDARD = gnu99;
				GCC_OPTIMIZATION_LEVEL = 0;
				GCC_PREPROCESSOR_DEFINITIONS = DEBUG;
				GCC_SYMBOLS_PRIVATE_EXTERN = NO;
				GCC_VERSION = com.apple.compilers.llvm.clang.1_0;
				GCC_WARN_ABOUT_MISSING_PROTOTYPES = YES;
				GCC_WARN_ABOUT_RETURN_TYPE = YES;
				GCC_WARN_UNUSED_VARIABLE = YES;
				HEADER_SEARCH_PATHS = (
					"$(SOURCE_ROOT)/RestKit/Build",
					Three20/Build/Products/three20,
					IPhoneiOsSDK/src,
					IPhoneiOsSDK/src/JSON,
				);
				IPHONEOS_DEPLOYMENT_TARGET = 5.0;
				LIBRARY_SEARCH_PATHS = "$(SOURCE_ROOT)/RestKit/Build/$(BUILD_STYLE)-$(PLATFORM_NAME)";
				OTHER_LDFLAGS = (
					"-ObjC",
					"-all_load",
				);
				PROVISIONING_PROFILE = "53C2FB4D-4C7A-47A0-814A-21A82412CA1C";
				"PROVISIONING_PROFILE[sdk=iphoneos*]" = "53C2FB4D-4C7A-47A0-814A-21A82412CA1C";
				SDKROOT = iphoneos;
			};
			name = Debug;
		};
		F960C9DD1371F56200793D86 /* Release */ = {
			isa = XCBuildConfiguration;
			buildSettings = {
				ARCHS = "$(ARCHS_STANDARD_32_BIT)";
				CLANG_ENABLE_OBJC_ARC = YES;
				CODE_SIGN_IDENTITY = "iPhone Developer: Nelson Melo (C88Y6GKY4D)";
				"CODE_SIGN_IDENTITY[sdk=iphoneos*]" = "iPhone Developer: Nelson Melo (C88Y6GKY4D)";
				GCC_C_LANGUAGE_STANDARD = gnu99;
				GCC_VERSION = com.apple.compilers.llvm.clang.1_0;
				GCC_WARN_ABOUT_MISSING_PROTOTYPES = YES;
				GCC_WARN_ABOUT_RETURN_TYPE = YES;
				GCC_WARN_UNUSED_VARIABLE = YES;
				HEADER_SEARCH_PATHS = (
					"$(SOURCE_ROOT)/RestKit/Build",
					Three20/Build/Products/three20,
					IPhoneiOsSDK/src,
					IPhoneiOsSDK/src/JSON,
				);
				IPHONEOS_DEPLOYMENT_TARGET = 5.0;
				LIBRARY_SEARCH_PATHS = "$(SOURCE_ROOT)/RestKit/Build/$(BUILD_STYLE)-$(PLATFORM_NAME)";
				OTHER_CFLAGS = "-DNS_BLOCK_ASSERTIONS=1";
				OTHER_LDFLAGS = (
					"-ObjC",
					"-all_load",
				);
				PROVISIONING_PROFILE = "53C2FB4D-4C7A-47A0-814A-21A82412CA1C";
				"PROVISIONING_PROFILE[sdk=iphoneos*]" = "53C2FB4D-4C7A-47A0-814A-21A82412CA1C";
				SDKROOT = iphoneos;
			};
			name = Release;
		};
		F960C9DF1371F56200793D86 /* Debug */ = {
			isa = XCBuildConfiguration;
			buildSettings = {
				ALWAYS_SEARCH_USER_PATHS = NO;
				CLANG_ENABLE_OBJC_ARC = YES;
				COPY_PHASE_STRIP = NO;
				GCC_DYNAMIC_NO_PIC = NO;
				GCC_PRECOMPILE_PREFIX_HEADER = YES;
				GCC_PREFIX_HEADER = "GorillaTaxi/GorillaTaxi-Prefix.pch";
				INFOPLIST_FILE = "GorillaTaxi/GorillaCab-Info.plist";
				IPHONEOS_DEPLOYMENT_TARGET = 5.0;
				LIBRARY_SEARCH_PATHS = (
					"$(inherited)",
					"\"$(SRCROOT)\"",
					/Users/nmelo/Desktop/TrackerSample/GeoloqiSDK,
					"\"$(SRCROOT)/GeoloqiSDK\"",
				);
				ONLY_ACTIVE_ARCH = YES;
				OTHER_LDFLAGS = (
					"-lGeoloqi-Debug",
					"-ObjC",
					"-all_load",
				);
				PRODUCT_NAME = GorillaCab;
				SKIP_INSTALL = YES;
				TARGETED_DEVICE_FAMILY = "1,2";
				WRAPPER_EXTENSION = app;
			};
			name = Debug;
		};
		F960C9E01371F56200793D86 /* Release */ = {
			isa = XCBuildConfiguration;
			buildSettings = {
				ALWAYS_SEARCH_USER_PATHS = NO;
				CLANG_ENABLE_OBJC_ARC = YES;
				COPY_PHASE_STRIP = YES;
				GCC_PRECOMPILE_PREFIX_HEADER = YES;
				GCC_PREFIX_HEADER = "GorillaTaxi/GorillaTaxi-Prefix.pch";
				INFOPLIST_FILE = "GorillaTaxi/GorillaCab-Info.plist";
				IPHONEOS_DEPLOYMENT_TARGET = 5.0;
				LIBRARY_SEARCH_PATHS = (
					"$(inherited)",
					"\"$(SRCROOT)\"",
					/Users/nmelo/Desktop/TrackerSample/GeoloqiSDK,
					"\"$(SRCROOT)/GeoloqiSDK\"",
				);
				ONLY_ACTIVE_ARCH = YES;
				OTHER_LDFLAGS = (
					"-lGeoloqi-Release",
					"-ObjC",
					"-all_load",
				);
				PRODUCT_NAME = GorillaCab;
				SKIP_INSTALL = YES;
				TARGETED_DEVICE_FAMILY = "1,2";
				VALIDATE_PRODUCT = YES;
				WRAPPER_EXTENSION = app;
			};
			name = Release;
		};
		F960C9E21371F56200793D86 /* Debug */ = {
			isa = XCBuildConfiguration;
			buildSettings = {
				ALWAYS_SEARCH_USER_PATHS = NO;
				BUNDLE_LOADER = "$(BUILT_PRODUCTS_DIR)/Frankly.app/Frankly";
				FRAMEWORK_SEARCH_PATHS = (
					"$(SDKROOT)/Developer/Library/Frameworks",
					"$(DEVELOPER_LIBRARY_DIR)/Frameworks",
				);
				GCC_PRECOMPILE_PREFIX_HEADER = YES;
				GCC_PREFIX_HEADER = "FranklyTests/franklyTests-Prefix.pch";
				INFOPLIST_FILE = "FranklyTests/FranklyTests-Info.plist";
				OTHER_LDFLAGS = (
					"-framework",
					SenTestingKit,
				);
				PRODUCT_NAME = GorillaCabTests;
				TEST_HOST = "$(BUNDLE_LOADER)";
				WRAPPER_EXTENSION = octest;
			};
			name = Debug;
		};
		F960C9E31371F56200793D86 /* Release */ = {
			isa = XCBuildConfiguration;
			buildSettings = {
				ALWAYS_SEARCH_USER_PATHS = NO;
				BUNDLE_LOADER = "$(BUILT_PRODUCTS_DIR)/Frankly.app/Frankly";
				FRAMEWORK_SEARCH_PATHS = (
					"$(SDKROOT)/Developer/Library/Frameworks",
					"$(DEVELOPER_LIBRARY_DIR)/Frameworks",
				);
				GCC_PRECOMPILE_PREFIX_HEADER = YES;
				GCC_PREFIX_HEADER = "FranklyTests/franklyTests-Prefix.pch";
				INFOPLIST_FILE = "FranklyTests/FranklyTests-Info.plist";
				OTHER_LDFLAGS = (
					"-framework",
					SenTestingKit,
				);
				PRODUCT_NAME = GorillaCabTests;
				TEST_HOST = "$(BUNDLE_LOADER)";
				WRAPPER_EXTENSION = octest;
			};
			name = Release;
		};
/* End XCBuildConfiguration section */

/* Begin XCConfigurationList section */
		F960C99B1371F56100793D86 /* Build configuration list for PBXProject "GorillaCab" */ = {
			isa = XCConfigurationList;
			buildConfigurations = (
				F960C9DC1371F56200793D86 /* Debug */,
				F960C9DD1371F56200793D86 /* Release */,
			);
			defaultConfigurationIsVisible = 0;
			defaultConfigurationName = Release;
		};
		F960C9DE1371F56200793D86 /* Build configuration list for PBXNativeTarget "GorillaCab" */ = {
			isa = XCConfigurationList;
			buildConfigurations = (
				F960C9DF1371F56200793D86 /* Debug */,
				F960C9E01371F56200793D86 /* Release */,
			);
			defaultConfigurationIsVisible = 0;
			defaultConfigurationName = Release;
		};
		F960C9E11371F56200793D86 /* Build configuration list for PBXNativeTarget "GorillaCabTests" */ = {
			isa = XCConfigurationList;
			buildConfigurations = (
				F960C9E21371F56200793D86 /* Debug */,
				F960C9E31371F56200793D86 /* Release */,
			);
			defaultConfigurationIsVisible = 0;
			defaultConfigurationName = Release;
		};
/* End XCConfigurationList section */
	};
	rootObject = F960C9981371F56100793D86 /* Project object */;
}
